// !$*UTF8*$!
{
	archiveVersion = 1;
	classes = {
	};
	objectVersion = 46;
	objects = {

/* Begin PBXBuildFile section */
		83453B1D199F00C8001B36AD /* ASTextFieldTableViewCell.m in Sources */ = {isa = PBXBuildFile; fileRef = 83453B1C199F00C8001B36AD /* ASTextFieldTableViewCell.m */; };
		83453B20199F0488001B36AD /* ASTextViewTableViewCell.m in Sources */ = {isa = PBXBuildFile; fileRef = 83453B1F199F0488001B36AD /* ASTextViewTableViewCell.m */; };
		83715D4E199DB82E00DA7D7B /* Foundation.framework in Frameworks */ = {isa = PBXBuildFile; fileRef = 83715D4D199DB82E00DA7D7B /* Foundation.framework */; };
		83715D50199DB82E00DA7D7B /* CoreGraphics.framework in Frameworks */ = {isa = PBXBuildFile; fileRef = 83715D4F199DB82E00DA7D7B /* CoreGraphics.framework */; };
		83715D52199DB82E00DA7D7B /* UIKit.framework in Frameworks */ = {isa = PBXBuildFile; fileRef = 83715D51199DB82E00DA7D7B /* UIKit.framework */; };
		83715D58199DB82E00DA7D7B /* InfoPlist.strings in Resources */ = {isa = PBXBuildFile; fileRef = 83715D56199DB82E00DA7D7B /* InfoPlist.strings */; };
		83715D5A199DB82E00DA7D7B /* main.m in Sources */ = {isa = PBXBuildFile; fileRef = 83715D59199DB82E00DA7D7B /* main.m */; };
		83715D5E199DB82E00DA7D7B /* ASAppDelegate.m in Sources */ = {isa = PBXBuildFile; fileRef = 83715D5D199DB82E00DA7D7B /* ASAppDelegate.m */; };
		83715D64199DB82E00DA7D7B /* ASViewController.m in Sources */ = {isa = PBXBuildFile; fileRef = 83715D63199DB82E00DA7D7B /* ASViewController.m */; };
		83715D66199DB82E00DA7D7B /* Images.xcassets in Resources */ = {isa = PBXBuildFile; fileRef = 83715D65199DB82E00DA7D7B /* Images.xcassets */; };
		83715D6D199DB82E00DA7D7B /* XCTest.framework in Frameworks */ = {isa = PBXBuildFile; fileRef = 83715D6C199DB82E00DA7D7B /* XCTest.framework */; };
		83715D6E199DB82E00DA7D7B /* Foundation.framework in Frameworks */ = {isa = PBXBuildFile; fileRef = 83715D4D199DB82E00DA7D7B /* Foundation.framework */; };
		83715D6F199DB82E00DA7D7B /* UIKit.framework in Frameworks */ = {isa = PBXBuildFile; fileRef = 83715D51199DB82E00DA7D7B /* UIKit.framework */; };
		E91D4093811C489FAC3F9C25 /* libPods-AnonySender.a in Frameworks */ = {isa = PBXBuildFile; fileRef = AC35330226304FAB82659D39 /* libPods-AnonySender.a */; };
/* End PBXBuildFile section */

/* Begin PBXContainerItemProxy section */
		83715D70199DB82E00DA7D7B /* PBXContainerItemProxy */ = {
			isa = PBXContainerItemProxy;
			containerPortal = 83715D42199DB82E00DA7D7B /* Project object */;
			proxyType = 1;
			remoteGlobalIDString = 83715D49199DB82E00DA7D7B;
			remoteInfo = AnonySender;
		};
/* End PBXContainerItemProxy section */

/* Begin PBXFileReference section */
		83453B1B199F00C8001B36AD /* ASTextFieldTableViewCell.h */ = {isa = PBXFileReference; fileEncoding = 4; lastKnownFileType = sourcecode.c.h; path = ASTextFieldTableViewCell.h; sourceTree = "<group>"; };
		83453B1C199F00C8001B36AD /* ASTextFieldTableViewCell.m */ = {isa = PBXFileReference; fileEncoding = 4; lastKnownFileType = sourcecode.c.objc; path = ASTextFieldTableViewCell.m; sourceTree = "<group>"; };
		83453B1E199F0488001B36AD /* ASTextViewTableViewCell.h */ = {isa = PBXFileReference; fileEncoding = 4; lastKnownFileType = sourcecode.c.h; path = ASTextViewTableViewCell.h; sourceTree = "<group>"; };
		83453B1F199F0488001B36AD /* ASTextViewTableViewCell.m */ = {isa = PBXFileReference; fileEncoding = 4; lastKnownFileType = sourcecode.c.objc; path = ASTextViewTableViewCell.m; sourceTree = "<group>"; };
		83715D4A199DB82E00DA7D7B /* AnonySender.app */ = {isa = PBXFileReference; explicitFileType = wrapper.application; includeInIndex = 0; path = AnonySender.app; sourceTree = BUILT_PRODUCTS_DIR; };
		83715D4D199DB82E00DA7D7B /* Foundation.framework */ = {isa = PBXFileReference; lastKnownFileType = wrapper.framework; name = Foundation.framework; path = System/Library/Frameworks/Foundation.framework; sourceTree = SDKROOT; };
		83715D4F199DB82E00DA7D7B /* CoreGraphics.framework */ = {isa = PBXFileReference; lastKnownFileType = wrapper.framework; name = CoreGraphics.framework; path = System/Library/Frameworks/CoreGraphics.framework; sourceTree = SDKROOT; };
		83715D51199DB82E00DA7D7B /* UIKit.framework */ = {isa = PBXFileReference; lastKnownFileType = wrapper.framework; name = UIKit.framework; path = System/Library/Frameworks/UIKit.framework; sourceTree = SDKROOT; };
		83715D55199DB82E00DA7D7B /* AnonySender-Info.plist */ = {isa = PBXFileReference; lastKnownFileType = text.plist.xml; path = "AnonySender-Info.plist"; sourceTree = "<group>"; };
		83715D57199DB82E00DA7D7B /* en */ = {isa = PBXFileReference; lastKnownFileType = text.plist.strings; name = en; path = en.lproj/InfoPlist.strings; sourceTree = "<group>"; };
		83715D59199DB82E00DA7D7B /* main.m */ = {isa = PBXFileReference; lastKnownFileType = sourcecode.c.objc; path = main.m; sourceTree = "<group>"; };
		83715D5B199DB82E00DA7D7B /* AnonySender-Prefix.pch */ = {isa = PBXFileReference; lastKnownFileType = sourcecode.c.h; path = "AnonySender-Prefix.pch"; sourceTree = "<group>"; };
		83715D5C199DB82E00DA7D7B /* ASAppDelegate.h */ = {isa = PBXFileReference; lastKnownFileType = sourcecode.c.h; path = ASAppDelegate.h; sourceTree = "<group>"; };
		83715D5D199DB82E00DA7D7B /* ASAppDelegate.m */ = {isa = PBXFileReference; lastKnownFileType = sourcecode.c.objc; path = ASAppDelegate.m; sourceTree = "<group>"; };
		83715D62199DB82E00DA7D7B /* ASViewController.h */ = {isa = PBXFileReference; lastKnownFileType = sourcecode.c.h; path = ASViewController.h; sourceTree = "<group>"; };
		83715D63199DB82E00DA7D7B /* ASViewController.m */ = {isa = PBXFileReference; lastKnownFileType = sourcecode.c.objc; path = ASViewController.m; sourceTree = "<group>"; };
		83715D65199DB82E00DA7D7B /* Images.xcassets */ = {isa = PBXFileReference; lastKnownFileType = folder.assetcatalog; path = Images.xcassets; sourceTree = "<group>"; };
		83715D6B199DB82E00DA7D7B /* AnonySenderTests.xctest */ = {isa = PBXFileReference; explicitFileType = wrapper.cfbundle; includeInIndex = 0; path = AnonySenderTests.xctest; sourceTree = BUILT_PRODUCTS_DIR; };
		83715D6C199DB82E00DA7D7B /* XCTest.framework */ = {isa = PBXFileReference; lastKnownFileType = wrapper.framework; name = XCTest.framework; path = Library/Frameworks/XCTest.framework; sourceTree = DEVELOPER_DIR; };
		AC35330226304FAB82659D39 /* libPods-AnonySender.a */ = {isa = PBXFileReference; explicitFileType = archive.ar; includeInIndex = 0; path = "libPods-AnonySender.a"; sourceTree = BUILT_PRODUCTS_DIR; };
		D20EE4B25E2A4B2AA726C848 /* Pods-AnonySender.xcconfig */ = {isa = PBXFileReference; includeInIndex = 1; lastKnownFileType = text.xcconfig; name = "Pods-AnonySender.xcconfig"; path = "Pods/Pods-AnonySender.xcconfig"; sourceTree = "<group>"; };
/* End PBXFileReference section */

/* Begin PBXFrameworksBuildPhase section */
		83715D47199DB82E00DA7D7B /* Frameworks */ = {
			isa = PBXFrameworksBuildPhase;
			buildActionMask = 2147483647;
			files = (
				83715D50199DB82E00DA7D7B /* CoreGraphics.framework in Frameworks */,
				83715D52199DB82E00DA7D7B /* UIKit.framework in Frameworks */,
				83715D4E199DB82E00DA7D7B /* Foundation.framework in Frameworks */,
				E91D4093811C489FAC3F9C25 /* libPods-AnonySender.a in Frameworks */,
			);
			runOnlyForDeploymentPostprocessing = 0;
		};
		83715D68199DB82E00DA7D7B /* Frameworks */ = {
			isa = PBXFrameworksBuildPhase;
			buildActionMask = 2147483647;
			files = (
				83715D6D199DB82E00DA7D7B /* XCTest.framework in Frameworks */,
				83715D6F199DB82E00DA7D7B /* UIKit.framework in Frameworks */,
				83715D6E199DB82E00DA7D7B /* Foundation.framework in Frameworks */,
			);
			runOnlyForDeploymentPostprocessing = 0;
		};
/* End PBXFrameworksBuildPhase section */

/* Begin PBXGroup section */
		83453B1A199F009B001B36AD /* Cells */ = {
			isa = PBXGroup;
			children = (
				83453B1B199F00C8001B36AD /* ASTextFieldTableViewCell.h */,
				83453B1C199F00C8001B36AD /* ASTextFieldTableViewCell.m */,
				83453B1E199F0488001B36AD /* ASTextViewTableViewCell.h */,
				83453B1F199F0488001B36AD /* ASTextViewTableViewCell.m */,
			);
			name = Cells;
			sourceTree = "<group>";
		};
		83715D41199DB82E00DA7D7B = {
			isa = PBXGroup;
			children = (
				83715D53199DB82E00DA7D7B /* AnonySender */,
				83715D4C199DB82E00DA7D7B /* Frameworks */,
				83715D4B199DB82E00DA7D7B /* Products */,
				D20EE4B25E2A4B2AA726C848 /* Pods-AnonySender.xcconfig */,
			);
			sourceTree = "<group>";
		};
		83715D4B199DB82E00DA7D7B /* Products */ = {
			isa = PBXGroup;
			children = (
				83715D4A199DB82E00DA7D7B /* AnonySender.app */,
				83715D6B199DB82E00DA7D7B /* AnonySenderTests.xctest */,
			);
			name = Products;
			sourceTree = "<group>";
		};
		83715D4C199DB82E00DA7D7B /* Frameworks */ = {
			isa = PBXGroup;
			children = (
				83715D4D199DB82E00DA7D7B /* Foundation.framework */,
				83715D4F199DB82E00DA7D7B /* CoreGraphics.framework */,
				83715D51199DB82E00DA7D7B /* UIKit.framework */,
				83715D6C199DB82E00DA7D7B /* XCTest.framework */,
				AC35330226304FAB82659D39 /* libPods-AnonySender.a */,
			);
			name = Frameworks;
			sourceTree = "<group>";
		};
		83715D53199DB82E00DA7D7B /* AnonySender */ = {
			isa = PBXGroup;
			children = (
				83453B1A199F009B001B36AD /* Cells */,
				83715D5C199DB82E00DA7D7B /* ASAppDelegate.h */,
				83715D5D199DB82E00DA7D7B /* ASAppDelegate.m */,
				83715D62199DB82E00DA7D7B /* ASViewController.h */,
				83715D63199DB82E00DA7D7B /* ASViewController.m */,
				83715D65199DB82E00DA7D7B /* Images.xcassets */,
				83715D54199DB82E00DA7D7B /* Supporting Files */,
			);
			path = AnonySender;
			sourceTree = "<group>";
		};
		83715D54199DB82E00DA7D7B /* Supporting Files */ = {
			isa = PBXGroup;
			children = (
				83715D55199DB82E00DA7D7B /* AnonySender-Info.plist */,
				83715D56199DB82E00DA7D7B /* InfoPlist.strings */,
				83715D59199DB82E00DA7D7B /* main.m */,
				83715D5B199DB82E00DA7D7B /* AnonySender-Prefix.pch */,
			);
			name = "Supporting Files";
			sourceTree = "<group>";
		};
/* End PBXGroup section */

/* Begin PBXNativeTarget section */
		83715D49199DB82E00DA7D7B /* AnonySender */ = {
			isa = PBXNativeTarget;
			buildConfigurationList = 83715D7C199DB82E00DA7D7B /* Build configuration list for PBXNativeTarget "AnonySender" */;
			buildPhases = (
				B8BE683A10374A5B8C55C921 /* Check Pods Manifest.lock */,
				83715D46199DB82E00DA7D7B /* Sources */,
				83715D47199DB82E00DA7D7B /* Frameworks */,
				83715D48199DB82E00DA7D7B /* Resources */,
				F58A55F9CC5F47B6B18F6B7A /* Copy Pods Resources */,
			);
			buildRules = (
			);
			dependencies = (
			);
			name = AnonySender;
			productName = AnonySender;
			productReference = 83715D4A199DB82E00DA7D7B /* AnonySender.app */;
			productType = "com.apple.product-type.application";
		};
		83715D6A199DB82E00DA7D7B /* AnonySenderTests */ = {
			isa = PBXNativeTarget;
			buildConfigurationList = 83715D7F199DB82E00DA7D7B /* Build configuration list for PBXNativeTarget "AnonySenderTests" */;
			buildPhases = (
				83715D67199DB82E00DA7D7B /* Sources */,
				83715D68199DB82E00DA7D7B /* Frameworks */,
				83715D69199DB82E00DA7D7B /* Resources */,
			);
			buildRules = (
			);
			dependencies = (
				83715D71199DB82E00DA7D7B /* PBXTargetDependency */,
			);
			name = AnonySenderTests;
			productName = AnonySenderTests;
			productReference = 83715D6B199DB82E00DA7D7B /* AnonySenderTests.xctest */;
			productType = "com.apple.product-type.bundle.unit-test";
		};
/* End PBXNativeTarget section */

/* Begin PBXProject section */
		83715D42199DB82E00DA7D7B /* Project object */ = {
			isa = PBXProject;
			attributes = {
				CLASSPREFIX = AS;
				LastUpgradeCheck = 0510;
				ORGANIZATIONNAME = Uber;
				TargetAttributes = {
					83715D6A199DB82E00DA7D7B = {
						TestTargetID = 83715D49199DB82E00DA7D7B;
					};
				};
			};
			buildConfigurationList = 83715D45199DB82E00DA7D7B /* Build configuration list for PBXProject "AnonySender" */;
			compatibilityVersion = "Xcode 3.2";
			developmentRegion = English;
			hasScannedForEncodings = 0;
			knownRegions = (
				en,
				Base,
			);
			mainGroup = 83715D41199DB82E00DA7D7B;
			productRefGroup = 83715D4B199DB82E00DA7D7B /* Products */;
			projectDirPath = "";
			projectRoot = "";
			targets = (
				83715D49199DB82E00DA7D7B /* AnonySender */,
				83715D6A199DB82E00DA7D7B /* AnonySenderTests */,
			);
		};
/* End PBXProject section */

/* Begin PBXResourcesBuildPhase section */
		83715D48199DB82E00DA7D7B /* Resources */ = {
			isa = PBXResourcesBuildPhase;
			buildActionMask = 2147483647;
			files = (
				83715D66199DB82E00DA7D7B /* Images.xcassets in Resources */,
				83715D58199DB82E00DA7D7B /* InfoPlist.strings in Resources */,
			);
			runOnlyForDeploymentPostprocessing = 0;
		};
		83715D69199DB82E00DA7D7B /* Resources */ = {
			isa = PBXResourcesBuildPhase;
			buildActionMask = 2147483647;
			files = (
			);
			runOnlyForDeploymentPostprocessing = 0;
		};
/* End PBXResourcesBuildPhase section */

/* Begin PBXShellScriptBuildPhase section */
		B8BE683A10374A5B8C55C921 /* Check Pods Manifest.lock */ = {
			isa = PBXShellScriptBuildPhase;
			buildActionMask = 2147483647;
			files = (
			);
			inputPaths = (
			);
			name = "Check Pods Manifest.lock";
			outputPaths = (
			);
			runOnlyForDeploymentPostprocessing = 0;
			shellPath = /bin/sh;
			shellScript = "diff \"${PODS_ROOT}/../Podfile.lock\" \"${PODS_ROOT}/Manifest.lock\" > /dev/null\nif [[ $? != 0 ]] ; then\n    cat << EOM\nerror: The sandbox is not in sync with the Podfile.lock. Run 'pod install' or update your CocoaPods installation.\nEOM\n    exit 1\nfi\n";
			showEnvVarsInLog = 0;
		};
		F58A55F9CC5F47B6B18F6B7A /* Copy Pods Resources */ = {
			isa = PBXShellScriptBuildPhase;
			buildActionMask = 2147483647;
			files = (
			);
			inputPaths = (
			);
			name = "Copy Pods Resources";
			outputPaths = (
			);
			runOnlyForDeploymentPostprocessing = 0;
			shellPath = /bin/sh;
			shellScript = "\"${SRCROOT}/Pods/Pods-AnonySender-resources.sh\"\n";
			showEnvVarsInLog = 0;
		};
/* End PBXShellScriptBuildPhase section */

/* Begin PBXSourcesBuildPhase section */
		83715D46199DB82E00DA7D7B /* Sources */ = {
			isa = PBXSourcesBuildPhase;
			buildActionMask = 2147483647;
			files = (
				83453B20199F0488001B36AD /* ASTextViewTableViewCell.m in Sources */,
				83715D5E199DB82E00DA7D7B /* ASAppDelegate.m in Sources */,
				83453B1D199F00C8001B36AD /* ASTextFieldTableViewCell.m in Sources */,
				83715D64199DB82E00DA7D7B /* ASViewController.m in Sources */,
				83715D5A199DB82E00DA7D7B /* main.m in Sources */,
			);
			runOnlyForDeploymentPostprocessing = 0;
		};
		83715D67199DB82E00DA7D7B /* Sources */ = {
			isa = PBXSourcesBuildPhase;
			buildActionMask = 2147483647;
			files = (
			);
			runOnlyForDeploymentPostprocessing = 0;
		};
/* End PBXSourcesBuildPhase section */

/* Begin PBXTargetDependency section */
		83715D71199DB82E00DA7D7B /* PBXTargetDependency */ = {
			isa = PBXTargetDependency;
			target = 83715D49199DB82E00DA7D7B /* AnonySender */;
			targetProxy = 83715D70199DB82E00DA7D7B /* PBXContainerItemProxy */;
		};
/* End PBXTargetDependency section */

/* Begin PBXVariantGroup section */
		83715D56199DB82E00DA7D7B /* InfoPlist.strings */ = {
			isa = PBXVariantGroup;
			children = (
				83715D57199DB82E00DA7D7B /* en */,
			);
			name = InfoPlist.strings;
			sourceTree = "<group>";
		};
/* End PBXVariantGroup section */

/* Begin XCBuildConfiguration section */
		83715D7A199DB82E00DA7D7B /* Debug */ = {
			isa = XCBuildConfiguration;
			buildSettings = {
				ALWAYS_SEARCH_USER_PATHS = NO;
				CLANG_CXX_LANGUAGE_STANDARD = "gnu++0x";
				CLANG_CXX_LIBRARY = "libc++";
				CLANG_ENABLE_MODULES = YES;
				CLANG_ENABLE_OBJC_ARC = YES;
				CLANG_WARN_BOOL_CONVERSION = YES;
				CLANG_WARN_CONSTANT_CONVERSION = YES;
				CLANG_WARN_DIRECT_OBJC_ISA_USAGE = YES_ERROR;
				CLANG_WARN_EMPTY_BODY = YES;
				CLANG_WARN_ENUM_CONVERSION = YES;
				CLANG_WARN_INT_CONVERSION = YES;
				CLANG_WARN_OBJC_ROOT_CLASS = YES_ERROR;
				CLANG_WARN__DUPLICATE_METHOD_MATCH = YES;
				"CODE_SIGN_IDENTITY[sdk=iphoneos*]" = "iPhone Developer";
				COPY_PHASE_STRIP = NO;
				GCC_C_LANGUAGE_STANDARD = gnu99;
				GCC_DYNAMIC_NO_PIC = NO;
				GCC_OPTIMIZATION_LEVEL = 0;
				GCC_PREPROCESSOR_DEFINITIONS = (
					"DEBUG=1",
					"$(inherited)",
				);
				GCC_SYMBOLS_PRIVATE_EXTERN = NO;
				GCC_WARN_64_TO_32_BIT_CONVERSION = YES;
				GCC_WARN_ABOUT_RETURN_TYPE = YES_ERROR;
				GCC_WARN_UNDECLARED_SELECTOR = YES;
				GCC_WARN_UNINITIALIZED_AUTOS = YES_AGGRESSIVE;
				GCC_WARN_UNUSED_FUNCTION = YES;
				GCC_WARN_UNUSED_VARIABLE = YES;
				IPHONEOS_DEPLOYMENT_TARGET = 7.1;
				ONLY_ACTIVE_ARCH = YES;
				SDKROOT = iphoneos;
			};
			name = Debug;
		};
		83715D7B199DB82E00DA7D7B /* Release */ = {
			isa = XCBuildConfiguration;
			buildSettings = {
				ALWAYS_SEARCH_USER_PATHS = NO;
				CLANG_CXX_LANGUAGE_STANDARD = "gnu++0x";
				CLANG_CXX_LIBRARY = "libc++";
				CLANG_ENABLE_MODULES = YES;
				CLANG_ENABLE_OBJC_ARC = YES;
				CLANG_WARN_BOOL_CONVERSION = YES;
				CLANG_WARN_CONSTANT_CONVERSION = YES;
				CLANG_WARN_DIRECT_OBJC_ISA_USAGE = YES_ERROR;
				CLANG_WARN_EMPTY_BODY = YES;
				CLANG_WARN_ENUM_CONVERSION = YES;
				CLANG_WARN_INT_CONVERSION = YES;
				CLANG_WARN_OBJC_ROOT_CLASS = YES_ERROR;
				CLANG_WARN__DUPLICATE_METHOD_MATCH = YES;
				"CODE_SIGN_IDENTITY[sdk=iphoneos*]" = "iPhone Developer";
				COPY_PHASE_STRIP = YES;
				ENABLE_NS_ASSERTIONS = NO;
				GCC_C_LANGUAGE_STANDARD = gnu99;
				GCC_WARN_64_TO_32_BIT_CONVERSION = YES;
				GCC_WARN_ABOUT_RETURN_TYPE = YES_ERROR;
				GCC_WARN_UNDECLARED_SELECTOR = YES;
				GCC_WARN_UNINITIALIZED_AUTOS = YES_AGGRESSIVE;
				GCC_WARN_UNUSED_FUNCTION = YES;
				GCC_WARN_UNUSED_VARIABLE = YES;
				IPHONEOS_DEPLOYMENT_TARGET = 7.1;
				SDKROOT = iphoneos;
				VALIDATE_PRODUCT = YES;
			};
			name = Release;
		};
		83715D7D199DB82E00DA7D7B /* Debug */ = {
			isa = XCBuildConfiguration;
			baseConfigurationReference = D20EE4B25E2A4B2AA726C848 /* Pods-AnonySender.xcconfig */;
			buildSettings = {
				ASSETCATALOG_COMPILER_APPICON_NAME = AppIcon;
				ASSETCATALOG_COMPILER_LAUNCHIMAGE_NAME = LaunchImage;
				GCC_PRECOMPILE_PREFIX_HEADER = YES;
				GCC_PREFIX_HEADER = "AnonySender/AnonySender-Prefix.pch";
				INFOPLIST_FILE = "AnonySender/AnonySender-Info.plist";
				PRODUCT_NAME = "$(TARGET_NAME)";
				WRAPPER_EXTENSION = app;
			};
			name = Debug;
		};
		83715D7E199DB82E00DA7D7B /* Release */ = {
			isa = XCBuildConfiguration;
			baseConfigurationReference = D20EE4B25E2A4B2AA726C848 /* Pods-AnonySender.xcconfig */;
			buildSettings = {
				ASSETCATALOG_COMPILER_APPICON_NAME = AppIcon;
				ASSETCATALOG_COMPILER_LAUNCHIMAGE_NAME = LaunchImage;
				GCC_PRECOMPILE_PREFIX_HEADER = YES;
				GCC_PREFIX_HEADER = "AnonySender/AnonySender-Prefix.pch";
				INFOPLIST_FILE = "AnonySender/AnonySender-Info.plist";
				PRODUCT_NAME = "$(TARGET_NAME)";
				WRAPPER_EXTENSION = app;
			};
			name = Release;
		};
		83715D80199DB82E00DA7D7B /* Debug */ = {
			isa = XCBuildConfiguration;
			buildSettings = {
				BUNDLE_LOADER = "$(BUILT_PRODUCTS_DIR)/AnonySender.app/AnonySender";
				FRAMEWORK_SEARCH_PATHS = (
					"$(SDKROOT)/Developer/Library/Frameworks",
					"$(inherited)",
					"$(DEVELOPER_FRAMEWORKS_DIR)",
				);
				GCC_PRECOMPILE_PREFIX_HEADER = YES;
				GCC_PREFIX_HEADER = "AnonySender/AnonySender-Prefix.pch";
				GCC_PREPROCESSOR_DEFINITIONS = (
					"DEBUG=1",
					"$(inherited)",
				);
				INFOPLIST_FILE = "AnonySenderTests/AnonySenderTests-Info.plist";
				PRODUCT_NAME = "$(TARGET_NAME)";
				TEST_HOST = "$(BUNDLE_LOADER)";
				WRAPPER_EXTENSION = xctest;
			};
			name = Debug;
		};
		83715D81199DB82E00DA7D7B /* Release */ = {
			isa = XCBuildConfiguration;
			buildSettings = {
				BUNDLE_LOADER = "$(BUILT_PRODUCTS_DIR)/AnonySender.app/AnonySender";
				FRAMEWORK_SEARCH_PATHS = (
					"$(SDKROOT)/Developer/Library/Frameworks",
					"$(inherited)",
					"$(DEVELOPER_FRAMEWORKS_DIR)",
				);
				GCC_PRECOMPILE_PREFIX_HEADER = YES;
				GCC_PREFIX_HEADER = "AnonySender/AnonySender-Prefix.pch";
				INFOPLIST_FILE = "AnonySenderTests/AnonySenderTests-Info.plist";
				PRODUCT_NAME = "$(TARGET_NAME)";
				TEST_HOST = "$(BUNDLE_LOADER)";
				WRAPPER_EXTENSION = xctest;
			};
			name = Release;
		};
/* End XCBuildConfiguration section */

/* Begin XCConfigurationList section */
		83715D45199DB82E00DA7D7B /* Build configuration list for PBXProject "AnonySender" */ = {
			isa = XCConfigurationList;
			buildConfigurations = (
				83715D7A199DB82E00DA7D7B /* Debug */,
				83715D7B199DB82E00DA7D7B /* Release */,
			);
			defaultConfigurationIsVisible = 0;
			defaultConfigurationName = Release;
		};
		83715D7C199DB82E00DA7D7B /* Build configuration list for PBXNativeTarget "AnonySender" */ = {
			isa = XCConfigurationList;
			buildConfigurations = (
				83715D7D199DB82E00DA7D7B /* Debug */,
				83715D7E199DB82E00DA7D7B /* Release */,
			);
			defaultConfigurationIsVisible = 0;
			defaultConfigurationName = Release;
		};
		83715D7F199DB82E00DA7D7B /* Build configuration list for PBXNativeTarget "AnonySenderTests" */ = {
			isa = XCConfigurationList;
			buildConfigurations = (
				83715D80199DB82E00DA7D7B /* Debug */,
				83715D81199DB82E00DA7D7B /* Release */,
			);
			defaultConfigurationIsVisible = 0;
			defaultConfigurationName = Release;
		};
/* End XCConfigurationList section */
	};
	rootObject = 83715D42199DB82E00DA7D7B /* Project object */;
}
